
Microsoft Visual Studio Solution File, Format Version 12.00
# Visual Studio Version 17
VisualStudioVersion = 17.14.36623.8
MinimumVisualStudioVersion = 10.0.40219.1
Project("{FAE04EC0-301F-11D3-BF4B-00C04F79EFBC}") = "MahodAI.Civil3D.Plugin", "MahodAI.Civil3D.Plugin\MahodAI.Civil3D.Plugin.csproj", "{33AE88F1-0172-43C4-8C0A-631DF9B2B6E7}"
EndProject
Project("{FAE04EC0-301F-11D3-BF4B-00C04F79EFBC}") = "MahodAI.Civil3D.Plugin.Tests", "MahodAI.Civil3D.Plugin.Tests\MahodAI.Civil3D.Plugin.Tests.csproj", "{70EA37EC-B7C2-4D6B-9E63-83C267F1C358}"
EndProject
Project("{FAE04EC0-301F-11D3-BF4B-00C04F79EFBC}") = "MahodAI.Core.Tests", "MahodAI.Core.Tests\MahodAI.Core.Tests.csproj", "{43C0890B-B85A-488C-97A8-981121CC51BB}"
EndProject
Project("{FAE04EC0-301F-11D3-BF4B-00C04F79EFBC}") = "MahodAI.CivilDelivery.Core", "MahodAI.CivilDelivery.Core\MahodAI.CivilDelivery.Core.csproj", "{B2A78599-69E3-4B1F-9A28-9E2C8DF539C3}"
EndProject
Global
	GlobalSection(SolutionConfigurationPlatforms) = preSolution
		Debug|Any CPU = Debug|Any CPU
		Debug|x64 = Debug|x64
		Debug|x86 = Debug|x86
		Release|Any CPU = Release|Any CPU
		Release|x64 = Release|x64
		Release|x86 = Release|x86
	EndGlobalSection
	GlobalSection(ProjectConfigurationPlatforms) = postSolution
		{33AE88F1-0172-43C4-8C0A-631DF9B2B6E7}.Debug|Any CPU.ActiveCfg = Debug|Any CPU
		{33AE88F1-0172-43C4-8C0A-631DF9B2B6E7}.Debug|Any CPU.Build.0 = Debug|Any CPU
		{33AE88F1-0172-43C4-8C0A-631DF9B2B6E7}.Debug|x64.ActiveCfg = Debug|Any CPU
		{33AE88F1-0172-43C4-8C0A-631DF9B2B6E7}.Debug|x64.Build.0 = Debug|Any CPU
		{33AE88F1-0172-43C4-8C0A-631DF9B2B6E7}.Debug|x86.ActiveCfg = Debug|Any CPU
		{33AE88F1-0172-43C4-8C0A-631DF9B2B6E7}.Debug|x86.Build.0 = Debug|Any CPU
		{33AE88F1-0172-43C4-8C0A-631DF9B2B6E7}.Release|Any CPU.ActiveCfg = Release|Any CPU
		{33AE88F1-0172-43C4-8C0A-631DF9B2B6E7}.Release|Any CPU.Build.0 = Release|Any CPU
		{33AE88F1-0172-43C4-8C0A-631DF9B2B6E7}.Release|x64.ActiveCfg = Release|Any CPU
		{33AE88F1-0172-43C4-8C0A-631DF9B2B6E7}.Release|x64.Build.0 = Release|Any CPU
		{33AE88F1-0172-43C4-8C0A-631DF9B2B6E7}.Release|x86.ActiveCfg = Release|Any CPU
		{33AE88F1-0172-43C4-8C0A-631DF9B2B6E7}.Release|x86.Build.0 = Release|Any CPU
		{70EA37EC-B7C2-4D6B-9E63-83C267F1C358}.Debug|Any CPU.ActiveCfg = Debug|x64
		{70EA37EC-B7C2-4D6B-9E63-83C267F1C358}.Debug|Any CPU.Build.0 = Debug|x64
		{70EA37EC-B7C2-4D6B-9E63-83C267F1C358}.Debug|x64.ActiveCfg = Debug|x64
		{70EA37EC-B7C2-4D6B-9E63-83C267F1C358}.Debug|x64.Build.0 = Debug|x64
		{70EA37EC-B7C2-4D6B-9E63-83C267F1C358}.Debug|x86.ActiveCfg = Debug|x64
		{70EA37EC-B7C2-4D6B-9E63-83C267F1C358}.Debug|x86.Build.0 = Debug|x64
		{70EA37EC-B7C2-4D6B-9E63-83C267F1C358}.Release|Any CPU.ActiveCfg = Release|x64
		{70EA37EC-B7C2-4D6B-9E63-83C267F1C358}.Release|Any CPU.Build.0 = Release|x64
		{70EA37EC-B7C2-4D6B-9E63-83C267F1C358}.Release|x64.ActiveCfg = Release|x64
		{70EA37EC-B7C2-4D6B-9E63-83C267F1C358}.Release|x64.Build.0 = Release|x64
		{70EA37EC-B7C2-4D6B-9E63-83C267F1C358}.Release|x86.ActiveCfg = Release|x64
		{70EA37EC-B7C2-4D6B-9E63-83C267F1C358}.Release|x86.Build.0 = Release|x64
		{43C0890B-B85A-488C-97A8-981121CC51BB}.Debug|Any CPU.ActiveCfg = Debug|Any CPU
		{43C0890B-B85A-488C-97A8-981121CC51BB}.Debug|Any CPU.Build.0 = Debug|Any CPU
		{43C0890B-B85A-488C-97A8-981121CC51BB}.Debug|x64.ActiveCfg = Debug|Any CPU
		{43C0890B-B85A-488C-97A8-981121CC51BB}.Debug|x64.Build.0 = Debug|Any CPU
		{43C0890B-B85A-488C-97A8-981121CC51BB}.Debug|x86.ActiveCfg = Debug|Any CPU
		{43C0890B-B85A-488C-97A8-981121CC51BB}.Debug|x86.Build.0 = Debug|Any CPU
		{43C0890B-B85A-488C-97A8-981121CC51BB}.Release|Any CPU.ActiveCfg = Release|Any CPU
		{43C0890B-B85A-488C-97A8-981121CC51BB}.Release|Any CPU.Build.0 = Release|Any CPU
		{43C0890B-B85A-488C-97A8-981121CC51BB}.Release|x64.ActiveCfg = Release|Any CPU
		{43C0890B-B85A-488C-97A8-981121CC51BB}.Release|x64.Build.0 = Release|Any CPU
		{43C0890B-B85A-488C-97A8-981121CC51BB}.Release|x86.ActiveCfg = Release|Any CPU
		{43C0890B-B85A-488C-97A8-981121CC51BB}.Release|x86.Build.0 = Release|Any CPU
		{B2A78599-69E3-4B1F-9A28-9E2C8DF539C3}.Debug|Any CPU.ActiveCfg = Debug|Any CPU
		{B2A78599-69E3-4B1F-9A28-9E2C8DF539C3}.Debug|Any CPU.Build.0 = Debug|Any CPU
		{B2A78599-69E3-4B1F-9A28-9E2C8DF539C3}.Debug|x64.ActiveCfg = Debug|Any CPU
		{B2A78599-69E3-4B1F-9A28-9E2C8DF539C3}.Debug|x64.Build.0 = Debug|Any CPU
		{B2A78599-69E3-4B1F-9A28-9E2C8DF539C3}.Debug|x86.ActiveCfg = Debug|Any CPU
		{B2A78599-69E3-4B1F-9A28-9E2C8DF539C3}.Debug|x86.Build.0 = Debug|Any CPU
		{B2A78599-69E3-4B1F-9A28-9E2C8DF539C3}.Release|Any CPU.ActiveCfg = Release|Any CPU
		{B2A78599-69E3-4B1F-9A28-9E2C8DF539C3}.Release|Any CPU.Build.0 = Release|Any CPU
		{B2A78599-69E3-4B1F-9A28-9E2C8DF539C3}.Release|x64.ActiveCfg = Release|Any CPU
		{B2A78599-69E3-4B1F-9A28-9E2C8DF539C3}.Release|x64.Build.0 = Release|Any CPU
		{B2A78599-69E3-4B1F-9A28-9E2C8DF539C3}.Release|x86.ActiveCfg = Release|Any CPU
		{B2A78599-69E3-4B1F-9A28-9E2C8DF539C3}.Release|x86.Build.0 = Release|Any CPU
	EndGlobalSection
	GlobalSection(SolutionProperties) = preSolution
		HideSolutionNode = FALSE
	EndGlobalSection
	GlobalSection(ExtensibilityGlobals) = postSolution
		SolutionGuid = {3FA4231A-A75A-4B9D-8513-B375D105AAFA}
	EndGlobalSection
EndGlobal
